// !$*UTF8*$!
{
	archiveVersion = 1;
	classes = {
	};
	objectVersion = 46;
	objects = {

/* Begin PBXBuildFile section */
		695900041731BDC400295E85 /* InfoPlist.strings in Resources */ = {isa = PBXBuildFile; fileRef = 695900021731BDC400295E85 /* InfoPlist.strings */; };
		695900061731BDC400295E85 /* main.m in Sources */ = {isa = PBXBuildFile; fileRef = 695900051731BDC400295E85 /* main.m */; };
		6959000A1731BDC400295E85 /* AppDelegate.m in Sources */ = {isa = PBXBuildFile; fileRef = 695900091731BDC400295E85 /* AppDelegate.m */; };
		6959000C1731BDC400295E85 /* Default.png in Resources */ = {isa = PBXBuildFile; fileRef = 6959000B1731BDC400295E85 /* Default.png */; };
		6959000E1731BDC400295E85 /* Default@2x.png in Resources */ = {isa = PBXBuildFile; fileRef = 6959000D1731BDC400295E85 /* Default@2x.png */; };
		695900101731BDC400295E85 /* Default-568h@2x.png in Resources */ = {isa = PBXBuildFile; fileRef = 6959000F1731BDC400295E85 /* Default-568h@2x.png */; };
		695900181731BE5200295E85 /* ChallengeViewController.m in Sources */ = {isa = PBXBuildFile; fileRef = 695900171731BE5200295E85 /* ChallengeViewController.m */; };
		6959001A1731BF9700295E85 /* MainStoryboard.storyboard in Resources */ = {isa = PBXBuildFile; fileRef = 695900191731BF9700295E85 /* MainStoryboard.storyboard */; };
		6959FFFA1731BDC400295E85 /* UIKit.framework in Frameworks */ = {isa = PBXBuildFile; fileRef = 6959FFF91731BDC400295E85 /* UIKit.framework */; };
		6959FFFC1731BDC400295E85 /* Foundation.framework in Frameworks */ = {isa = PBXBuildFile; fileRef = 6959FFFB1731BDC400295E85 /* Foundation.framework */; };
		6959FFFE1731BDC400295E85 /* CoreGraphics.framework in Frameworks */ = {isa = PBXBuildFile; fileRef = 6959FFFD1731BDC400295E85 /* CoreGraphics.framework */; };
		6986CCD01742DA4900E40E46 /* MyIcon-1.png in Resources */ = {isa = PBXBuildFile; fileRef = 6986CCCE1742DA4900E40E46 /* MyIcon-1.png */; };
		6986CCD11742DA4900E40E46 /* MyIcon.png in Resources */ = {isa = PBXBuildFile; fileRef = 6986CCCF1742DA4900E40E46 /* MyIcon.png */; };
		69A29F50173DFC2700D4A3E9 /* CCBackground.png in Resources */ = {isa = PBXBuildFile; fileRef = 69A29F4F173DFC2700D4A3E9 /* CCBackground.png */; };
		69C5D458173BC2980000E5EE /* Parse.framework in Frameworks */ = {isa = PBXBuildFile; fileRef = 69C5D457173BC2980000E5EE /* Parse.framework */; };
		69C5D45A173BC3830000E5EE /* AudioToolbox.framework in Frameworks */ = {isa = PBXBuildFile; fileRef = 69C5D459173BC3830000E5EE /* AudioToolbox.framework */; };
		69C5D45C173BC38A0000E5EE /* CFNetwork.framework in Frameworks */ = {isa = PBXBuildFile; fileRef = 69C5D45B173BC38A0000E5EE /* CFNetwork.framework */; };
		69C5D45E173BC3980000E5EE /* CoreLocation.framework in Frameworks */ = {isa = PBXBuildFile; fileRef = 69C5D45D173BC3980000E5EE /* CoreLocation.framework */; };
		69C5D460173BC3C80000E5EE /* libz.1.1.3.dylib in Frameworks */ = {isa = PBXBuildFile; fileRef = 69C5D45F173BC3C80000E5EE /* libz.1.1.3.dylib */; };
		69C5D462173BC3D40000E5EE /* MobileCoreServices.framework in Frameworks */ = {isa = PBXBuildFile; fileRef = 69C5D461173BC3D40000E5EE /* MobileCoreServices.framework */; };
		69C5D464173BC3DA0000E5EE /* QuartzCore.framework in Frameworks */ = {isa = PBXBuildFile; fileRef = 69C5D463173BC3DA0000E5EE /* QuartzCore.framework */; };
		69C5D466173BC3E10000E5EE /* Security.framework in Frameworks */ = {isa = PBXBuildFile; fileRef = 69C5D465173BC3E10000E5EE /* Security.framework */; };
		69C5D468173BC3E70000E5EE /* StoreKit.framework in Frameworks */ = {isa = PBXBuildFile; fileRef = 69C5D467173BC3E70000E5EE /* StoreKit.framework */; };
		69C5D46A173BC3EE0000E5EE /* SystemConfiguration.framework in Frameworks */ = {isa = PBXBuildFile; fileRef = 69C5D469173BC3EE0000E5EE /* SystemConfiguration.framework */; };
		69CB878E1741459000C1DE01 /* LoginViewController.m in Sources */ = {isa = PBXBuildFile; fileRef = 69CB878D1741459000C1DE01 /* LoginViewController.m */; };
		69CB879017414FAF00C1DE01 /* CCLogo1.png in Resources */ = {isa = PBXBuildFile; fileRef = 69CB878F17414FAF00C1DE01 /* CCLogo1.png */; };
		69CB8794174162EC00C1DE01 /* CCLogo1-1.png in Resources */ = {isa = PBXBuildFile; fileRef = 69CB8793174162EC00C1DE01 /* CCLogo1-1.png */; };
		69CB87961741632D00C1DE01 /* CCLogo1-2.png in Resources */ = {isa = PBXBuildFile; fileRef = 69CB87951741632D00C1DE01 /* CCLogo1-2.png */; };
/* End PBXBuildFile section */

/* Begin PBXFileReference section */
		695900011731BDC400295E85 /* Christian Challenge-Info.plist */ = {isa = PBXFileReference; lastKnownFileType = text.plist.xml; path = "Christian Challenge-Info.plist"; sourceTree = "<group>"; };
		695900031731BDC400295E85 /* en */ = {isa = PBXFileReference; lastKnownFileType = text.plist.strings; name = en; path = en.lproj/InfoPlist.strings; sourceTree = "<group>"; };
		695900051731BDC400295E85 /* main.m */ = {isa = PBXFileReference; lastKnownFileType = sourcecode.c.objc; path = main.m; sourceTree = "<group>"; };
		695900071731BDC400295E85 /* Christian Challenge-Prefix.pch */ = {isa = PBXFileReference; lastKnownFileType = sourcecode.c.h; path = "Christian Challenge-Prefix.pch"; sourceTree = "<group>"; };
		695900081731BDC400295E85 /* AppDelegate.h */ = {isa = PBXFileReference; lastKnownFileType = sourcecode.c.h; path = AppDelegate.h; sourceTree = "<group>"; };
		695900091731BDC400295E85 /* AppDelegate.m */ = {isa = PBXFileReference; lastKnownFileType = sourcecode.c.objc; path = AppDelegate.m; sourceTree = "<group>"; };
		6959000B1731BDC400295E85 /* Default.png */ = {isa = PBXFileReference; lastKnownFileType = image.png; path = Default.png; sourceTree = "<group>"; };
		6959000D1731BDC400295E85 /* Default@2x.png */ = {isa = PBXFileReference; lastKnownFileType = image.png; path = "Default@2x.png"; sourceTree = "<group>"; };
		6959000F1731BDC400295E85 /* Default-568h@2x.png */ = {isa = PBXFileReference; lastKnownFileType = image.png; path = "Default-568h@2x.png"; sourceTree = "<group>"; };
		695900161731BE5200295E85 /* ChallengeViewController.h */ = {isa = PBXFileReference; fileEncoding = 4; lastKnownFileType = sourcecode.c.h; path = ChallengeViewController.h; sourceTree = "<group>"; };
		695900171731BE5200295E85 /* ChallengeViewController.m */ = {isa = PBXFileReference; fileEncoding = 4; lastKnownFileType = sourcecode.c.objc; path = ChallengeViewController.m; sourceTree = "<group>"; };
		695900191731BF9700295E85 /* MainStoryboard.storyboard */ = {isa = PBXFileReference; fileEncoding = 4; lastKnownFileType = file.storyboard; path = MainStoryboard.storyboard; sourceTree = "<group>"; };
		6959FFF61731BDC400295E85 /* Christian Challenge.app */ = {isa = PBXFileReference; explicitFileType = wrapper.application; includeInIndex = 0; path = "Christian Challenge.app"; sourceTree = BUILT_PRODUCTS_DIR; };
		6959FFF91731BDC400295E85 /* UIKit.framework */ = {isa = PBXFileReference; lastKnownFileType = wrapper.framework; name = UIKit.framework; path = System/Library/Frameworks/UIKit.framework; sourceTree = SDKROOT; };
		6959FFFB1731BDC400295E85 /* Foundation.framework */ = {isa = PBXFileReference; lastKnownFileType = wrapper.framework; name = Foundation.framework; path = System/Library/Frameworks/Foundation.framework; sourceTree = SDKROOT; };
		6959FFFD1731BDC400295E85 /* CoreGraphics.framework */ = {isa = PBXFileReference; lastKnownFileType = wrapper.framework; name = CoreGraphics.framework; path = System/Library/Frameworks/CoreGraphics.framework; sourceTree = SDKROOT; };
		6986CCCE1742DA4900E40E46 /* MyIcon-1.png */ = {isa = PBXFileReference; lastKnownFileType = image.png; path = "MyIcon-1.png"; sourceTree = "<group>"; };
		6986CCCF1742DA4900E40E46 /* MyIcon.png */ = {isa = PBXFileReference; lastKnownFileType = image.png; path = MyIcon.png; sourceTree = "<group>"; };
		69A29F4F173DFC2700D4A3E9 /* CCBackground.png */ = {isa = PBXFileReference; lastKnownFileType = image.png; name = CCBackground.png; path = "../../../../../FairTipper Images/CCBackground.png"; sourceTree = "<group>"; };
		69C5D457173BC2980000E5EE /* Parse.framework */ = {isa = PBXFileReference; lastKnownFileType = wrapper.framework; path = Parse.framework; sourceTree = "<group>"; };
		69C5D459173BC3830000E5EE /* AudioToolbox.framework */ = {isa = PBXFileReference; lastKnownFileType = wrapper.framework; name = AudioToolbox.framework; path = System/Library/Frameworks/AudioToolbox.framework; sourceTree = SDKROOT; };
		69C5D45B173BC38A0000E5EE /* CFNetwork.framework */ = {isa = PBXFileReference; lastKnownFileType = wrapper.framework; name = CFNetwork.framework; path = System/Library/Frameworks/CFNetwork.framework; sourceTree = SDKROOT; };
		69C5D45D173BC3980000E5EE /* CoreLocation.framework */ = {isa = PBXFileReference; lastKnownFileType = wrapper.framework; name = CoreLocation.framework; path = System/Library/Frameworks/CoreLocation.framework; sourceTree = SDKROOT; };
		69C5D45F173BC3C80000E5EE /* libz.1.1.3.dylib */ = {isa = PBXFileReference; lastKnownFileType = "compiled.mach-o.dylib"; name = libz.1.1.3.dylib; path = usr/lib/libz.1.1.3.dylib; sourceTree = SDKROOT; };
		69C5D461173BC3D40000E5EE /* MobileCoreServices.framework */ = {isa = PBXFileReference; lastKnownFileType = wrapper.framework; name = MobileCoreServices.framework; path = System/Library/Frameworks/MobileCoreServices.framework; sourceTree = SDKROOT; };
		69C5D463173BC3DA0000E5EE /* QuartzCore.framework */ = {isa = PBXFileReference; lastKnownFileType = wrapper.framework; name = QuartzCore.framework; path = System/Library/Frameworks/QuartzCore.framework; sourceTree = SDKROOT; };
		69C5D465173BC3E10000E5EE /* Security.framework */ = {isa = PBXFileReference; lastKnownFileType = wrapper.framework; name = Security.framework; path = System/Library/Frameworks/Security.framework; sourceTree = SDKROOT; };
		69C5D467173BC3E70000E5EE /* StoreKit.framework */ = {isa = PBXFileReference; lastKnownFileType = wrapper.framework; name = StoreKit.framework; path = System/Library/Frameworks/StoreKit.framework; sourceTree = SDKROOT; };
		69C5D469173BC3EE0000E5EE /* SystemConfiguration.framework */ = {isa = PBXFileReference; lastKnownFileType = wrapper.framework; name = SystemConfiguration.framework; path = System/Library/Frameworks/SystemConfiguration.framework; sourceTree = SDKROOT; };
		69CB878C1741459000C1DE01 /* LoginViewController.h */ = {isa = PBXFileReference; fileEncoding = 4; lastKnownFileType = sourcecode.c.h; path = LoginViewController.h; sourceTree = "<group>"; };
		69CB878D1741459000C1DE01 /* LoginViewController.m */ = {isa = PBXFileReference; fileEncoding = 4; lastKnownFileType = sourcecode.c.objc; path = LoginViewController.m; sourceTree = "<group>"; };
		69CB878F17414FAF00C1DE01 /* CCLogo1.png */ = {isa = PBXFileReference; lastKnownFileType = image.png; path = CCLogo1.png; sourceTree = "<group>"; };
		69CB8793174162EC00C1DE01 /* CCLogo1-1.png */ = {isa = PBXFileReference; lastKnownFileType = image.png; path = "CCLogo1-1.png"; sourceTree = "<group>"; };
		69CB87951741632D00C1DE01 /* CCLogo1-2.png */ = {isa = PBXFileReference; lastKnownFileType = image.png; path = "CCLogo1-2.png"; sourceTree = "<group>"; };
/* End PBXFileReference section */

/* Begin PBXFrameworksBuildPhase section */
		6959FFF31731BDC400295E85 /* Frameworks */ = {
			isa = PBXFrameworksBuildPhase;
			buildActionMask = 2147483647;
			files = (
				69C5D46A173BC3EE0000E5EE /* SystemConfiguration.framework in Frameworks */,
				69C5D468173BC3E70000E5EE /* StoreKit.framework in Frameworks */,
				69C5D466173BC3E10000E5EE /* Security.framework in Frameworks */,
				69C5D464173BC3DA0000E5EE /* QuartzCore.framework in Frameworks */,
				69C5D462173BC3D40000E5EE /* MobileCoreServices.framework in Frameworks */,
				69C5D460173BC3C80000E5EE /* libz.1.1.3.dylib in Frameworks */,
				69C5D45E173BC3980000E5EE /* CoreLocation.framework in Frameworks */,
				6959FFFE1731BDC400295E85 /* CoreGraphics.framework in Frameworks */,
				69C5D45C173BC38A0000E5EE /* CFNetwork.framework in Frameworks */,
				69C5D45A173BC3830000E5EE /* AudioToolbox.framework in Frameworks */,
				6959FFFA1731BDC400295E85 /* UIKit.framework in Frameworks */,
				6959FFFC1731BDC400295E85 /* Foundation.framework in Frameworks */,
				69C5D458173BC2980000E5EE /* Parse.framework in Frameworks */,
			);
			runOnlyForDeploymentPostprocessing = 0;
		};
/* End PBXFrameworksBuildPhase section */

/* Begin PBXGroup section */
		695900001731BDC400295E85 /* Supporting Files */ = {
			isa = PBXGroup;
			children = (
				6986CCCE1742DA4900E40E46 /* MyIcon-1.png */,
				6986CCCF1742DA4900E40E46 /* MyIcon.png */,
				69CB87951741632D00C1DE01 /* CCLogo1-2.png */,
				69CB8793174162EC00C1DE01 /* CCLogo1-1.png */,
				69CB878F17414FAF00C1DE01 /* CCLogo1.png */,
				69A29F4F173DFC2700D4A3E9 /* CCBackground.png */,
				695900011731BDC400295E85 /* Christian Challenge-Info.plist */,
				695900021731BDC400295E85 /* InfoPlist.strings */,
				695900051731BDC400295E85 /* main.m */,
				695900071731BDC400295E85 /* Christian Challenge-Prefix.pch */,
				6959000B1731BDC400295E85 /* Default.png */,
				6959000D1731BDC400295E85 /* Default@2x.png */,
				6959000F1731BDC400295E85 /* Default-568h@2x.png */,
				69CB878C1741459000C1DE01 /* LoginViewController.h */,
				69CB878D1741459000C1DE01 /* LoginViewController.m */,
			);
			name = "Supporting Files";
			sourceTree = "<group>";
		};
		6959FFED1731BDC300295E85 = {
			isa = PBXGroup;
			children = (
				6959FFFF1731BDC400295E85 /* Christian Challenge */,
				6959FFF81731BDC400295E85 /* Frameworks */,
				6959FFF71731BDC400295E85 /* Products */,
			);
			sourceTree = "<group>";
		};
		6959FFF71731BDC400295E85 /* Products */ = {
			isa = PBXGroup;
			children = (
				6959FFF61731BDC400295E85 /* Christian Challenge.app */,
			);
			name = Products;
			sourceTree = "<group>";
		};
		6959FFF81731BDC400295E85 /* Frameworks */ = {
			isa = PBXGroup;
			children = (
				69C5D469173BC3EE0000E5EE /* SystemConfiguration.framework */,
				69C5D467173BC3E70000E5EE /* StoreKit.framework */,
				69C5D465173BC3E10000E5EE /* Security.framework */,
				69C5D463173BC3DA0000E5EE /* QuartzCore.framework */,
				69C5D461173BC3D40000E5EE /* MobileCoreServices.framework */,
				69C5D45F173BC3C80000E5EE /* libz.1.1.3.dylib */,
				69C5D45D173BC3980000E5EE /* CoreLocation.framework */,
				69C5D45B173BC38A0000E5EE /* CFNetwork.framework */,
				69C5D459173BC3830000E5EE /* AudioToolbox.framework */,
				69C5D457173BC2980000E5EE /* Parse.framework */,
				6959FFF91731BDC400295E85 /* UIKit.framework */,
				6959FFFB1731BDC400295E85 /* Foundation.framework */,
				6959FFFD1731BDC400295E85 /* CoreGraphics.framework */,
			);
			name = Frameworks;
			sourceTree = "<group>";
		};
		6959FFFF1731BDC400295E85 /* Christian Challenge */ = {
			isa = PBXGroup;
			children = (
				695900191731BF9700295E85 /* MainStoryboard.storyboard */,
				695900161731BE5200295E85 /* ChallengeViewController.h */,
				695900171731BE5200295E85 /* ChallengeViewController.m */,
				695900081731BDC400295E85 /* AppDelegate.h */,
				695900091731BDC400295E85 /* AppDelegate.m */,
				695900001731BDC400295E85 /* Supporting Files */,
			);
			path = "Christian Challenge";
			sourceTree = "<group>";
		};
/* End PBXGroup section */

/* Begin PBXNativeTarget section */
		6959FFF51731BDC400295E85 /* Christian Challenge */ = {
			isa = PBXNativeTarget;
			buildConfigurationList = 695900131731BDC400295E85 /* Build configuration list for PBXNativeTarget "Christian Challenge" */;
			buildPhases = (
				6959FFF21731BDC400295E85 /* Sources */,
				6959FFF31731BDC400295E85 /* Frameworks */,
				6959FFF41731BDC400295E85 /* Resources */,
			);
			buildRules = (
			);
			dependencies = (
			);
			name = "Christian Challenge";
			productName = "Christian Challenge";
			productReference = 6959FFF61731BDC400295E85 /* Christian Challenge.app */;
			productType = "com.apple.product-type.application";
		};
/* End PBXNativeTarget section */

/* Begin PBXProject section */
		6959FFEE1731BDC300295E85 /* Project object */ = {
			isa = PBXProject;
			attributes = {
				LastUpgradeCheck = 0460;
				ORGANIZATIONNAME = "Angel Olivera";
			};
			buildConfigurationList = 6959FFF11731BDC400295E85 /* Build configuration list for PBXProject "Christian Challenge" */;
			compatibilityVersion = "Xcode 3.2";
			developmentRegion = English;
			hasScannedForEncodings = 0;
			knownRegions = (
				en,
			);
			mainGroup = 6959FFED1731BDC300295E85;
			productRefGroup = 6959FFF71731BDC400295E85 /* Products */;
			projectDirPath = "";
			projectRoot = "";
			targets = (
				6959FFF51731BDC400295E85 /* Christian Challenge */,
			);
		};
/* End PBXProject section */

/* Begin PBXResourcesBuildPhase section */
		6959FFF41731BDC400295E85 /* Resources */ = {
			isa = PBXResourcesBuildPhase;
			buildActionMask = 2147483647;
			files = (
				695900041731BDC400295E85 /* InfoPlist.strings in Resources */,
				6959000C1731BDC400295E85 /* Default.png in Resources */,
				6959000E1731BDC400295E85 /* Default@2x.png in Resources */,
				695900101731BDC400295E85 /* Default-568h@2x.png in Resources */,
				6959001A1731BF9700295E85 /* MainStoryboard.storyboard in Resources */,
				69A29F50173DFC2700D4A3E9 /* CCBackground.png in Resources */,
				69CB879017414FAF00C1DE01 /* CCLogo1.png in Resources */,
				69CB8794174162EC00C1DE01 /* CCLogo1-1.png in Resources */,
				69CB87961741632D00C1DE01 /* CCLogo1-2.png in Resources */,
				6986CCD01742DA4900E40E46 /* MyIcon-1.png in Resources */,
				6986CCD11742DA4900E40E46 /* MyIcon.png in Resources */,
			);
			runOnlyForDeploymentPostprocessing = 0;
		};
/* End PBXResourcesBuildPhase section */

/* Begin PBXSourcesBuildPhase section */
		6959FFF21731BDC400295E85 /* Sources */ = {
			isa = PBXSourcesBuildPhase;
			buildActionMask = 2147483647;
			files = (
				695900061731BDC400295E85 /* main.m in Sources */,
				6959000A1731BDC400295E85 /* AppDelegate.m in Sources */,
				695900181731BE5200295E85 /* ChallengeViewController.m in Sources */,
				69CB878E1741459000C1DE01 /* LoginViewController.m in Sources */,
			);
			runOnlyForDeploymentPostprocessing = 0;
		};
/* End PBXSourcesBuildPhase section */

/* Begin PBXVariantGroup section */
		695900021731BDC400295E85 /* InfoPlist.strings */ = {
			isa = PBXVariantGroup;
			children = (
				695900031731BDC400295E85 /* en */,
			);
			name = InfoPlist.strings;
			sourceTree = "<group>";
		};
/* End PBXVariantGroup section */

/* Begin XCBuildConfiguration section */
		695900111731BDC400295E85 /* Debug */ = {
			isa = XCBuildConfiguration;
			buildSettings = {
				ALWAYS_SEARCH_USER_PATHS = NO;
				CLANG_CXX_LANGUAGE_STANDARD = "gnu++0x";
				CLANG_CXX_LIBRARY = "libc++";
				CLANG_ENABLE_OBJC_ARC = YES;
				CLANG_WARN_CONSTANT_CONVERSION = YES;
				CLANG_WARN_EMPTY_BODY = YES;
				CLANG_WARN_ENUM_CONVERSION = YES;
				CLANG_WARN_INT_CONVERSION = YES;
				CLANG_WARN__DUPLICATE_METHOD_MATCH = YES;
				CODE_SIGN_IDENTITY = "iPhone Developer: Angel Olivera (33C93DF5EU)";
				"CODE_SIGN_IDENTITY[sdk=iphoneos*]" = "iPhone Developer: Angel Olivera (33C93DF5EU)";
				COPY_PHASE_STRIP = NO;
				GCC_C_LANGUAGE_STANDARD = gnu99;
				GCC_DYNAMIC_NO_PIC = NO;
				GCC_OPTIMIZATION_LEVEL = 0;
				GCC_PREPROCESSOR_DEFINITIONS = (
					"DEBUG=1",
					"$(inherited)",
				);
				GCC_SYMBOLS_PRIVATE_EXTERN = NO;
				GCC_WARN_ABOUT_RETURN_TYPE = YES;
				GCC_WARN_UNINITIALIZED_AUTOS = YES;
				GCC_WARN_UNUSED_VARIABLE = YES;
				IPHONEOS_DEPLOYMENT_TARGET = 6.1;
				ONLY_ACTIVE_ARCH = YES;
				PROVISIONING_PROFILE = "1B1FCBFE-A263-45C4-9FBE-862E0C4707EE";
				"PROVISIONING_PROFILE[sdk=iphoneos*]" = "1B1FCBFE-A263-45C4-9FBE-862E0C4707EE";
				SDKROOT = iphoneos;
			};
			name = Debug;
		};
		695900121731BDC400295E85 /* Release */ = {
			isa = XCBuildConfiguration;
			buildSettings = {
				ALWAYS_SEARCH_USER_PATHS = NO;
				CLANG_CXX_LANGUAGE_STANDARD = "gnu++0x";
				CLANG_CXX_LIBRARY = "libc++";
				CLANG_ENABLE_OBJC_ARC = YES;
				CLANG_WARN_CONSTANT_CONVERSION = YES;
				CLANG_WARN_EMPTY_BODY = YES;
				CLANG_WARN_ENUM_CONVERSION = YES;
				CLANG_WARN_INT_CONVERSION = YES;
				CLANG_WARN__DUPLICATE_METHOD_MATCH = YES;
				CODE_SIGN_IDENTITY = "iPhone Developer: Angel Olivera (33C93DF5EU)";
				"CODE_SIGN_IDENTITY[sdk=iphoneos*]" = "iPhone Developer: Angel Olivera (33C93DF5EU)";
				COPY_PHASE_STRIP = YES;
				GCC_C_LANGUAGE_STANDARD = gnu99;
				GCC_WARN_ABOUT_RETURN_TYPE = YES;
				GCC_WARN_UNINITIALIZED_AUTOS = YES;
				GCC_WARN_UNUSED_VARIABLE = YES;
				IPHONEOS_DEPLOYMENT_TARGET = 6.1;
				ONLY_ACTIVE_ARCH = YES;
				OTHER_CFLAGS = "-DNS_BLOCK_ASSERTIONS=1";
				PROVISIONING_PROFILE = "1B1FCBFE-A263-45C4-9FBE-862E0C4707EE";
				"PROVISIONING_PROFILE[sdk=iphoneos*]" = "1B1FCBFE-A263-45C4-9FBE-862E0C4707EE";
				SDKROOT = iphoneos;
				VALIDATE_PRODUCT = YES;
			};
			name = Release;
		};
		695900141731BDC400295E85 /* Debug */ = {
			isa = XCBuildConfiguration;
			buildSettings = {
				CODE_SIGN_IDENTITY = "iPhone Developer: Angel Olivera (33C93DF5EU)";
				"CODE_SIGN_IDENTITY[sdk=iphoneos*]" = "iPhone Developer: Angel Olivera (33C93DF5EU)";
				FRAMEWORK_SEARCH_PATHS = (
					"$(inherited)",
					"\"$(SRCROOT)\"",
				);
				GCC_PRECOMPILE_PREFIX_HEADER = YES;
				GCC_PREFIX_HEADER = "Christian Challenge/Christian Challenge-Prefix.pch";
				INFOPLIST_FILE = "Christian Challenge/Christian Challenge-Info.plist";
				PRODUCT_NAME = "$(TARGET_NAME)";
				PROVISIONING_PROFILE = "1B1FCBFE-A263-45C4-9FBE-862E0C4707EE";
				"PROVISIONING_PROFILE[sdk=iphoneos*]" = "1B1FCBFE-A263-45C4-9FBE-862E0C4707EE";
				WRAPPER_EXTENSION = app;
			};
			name = Debug;
		};
		695900151731BDC400295E85 /* Release */ = {
			isa = XCBuildConfiguration;
			buildSettings = {
				CODE_SIGN_IDENTITY = "iPhone Developer: Angel Olivera (33C93DF5EU)";
				"CODE_SIGN_IDENTITY[sdk=*]" = "iPhone Developer: Angel Olivera (33C93DF5EU)";
				"CODE_SIGN_IDENTITY[sdk=iphoneos*]" = "iPhone Developer: Angel Olivera (33C93DF5EU)";
				FRAMEWORK_SEARCH_PATHS = (
					"$(inherited)",
					"\"$(SRCROOT)\"",
				);
				GCC_PRECOMPILE_PREFIX_HEADER = YES;
				GCC_PREFIX_HEADER = "Christian Challenge/Christian Challenge-Prefix.pch";
				INFOPLIST_FILE = "Christian Challenge/Christian Challenge-Info.plist";
				ONLY_ACTIVE_ARCH = YES;
				PRODUCT_NAME = "$(TARGET_NAME)";
				PROVISIONING_PROFILE = "1B1FCBFE-A263-45C4-9FBE-862E0C4707EE";
				"PROVISIONING_PROFILE[sdk=*]" = "1B1FCBFE-A263-45C4-9FBE-862E0C4707EE";
				"PROVISIONING_PROFILE[sdk=iphoneos*]" = "1B1FCBFE-A263-45C4-9FBE-862E0C4707EE";
				WRAPPER_EXTENSION = app;
			};
			name = Release;
		};
/* End XCBuildConfiguration section */

/* Begin XCConfigurationList section */
		695900131731BDC400295E85 /* Build configuration list for PBXNativeTarget "Christian Challenge" */ = {
			isa = XCConfigurationList;
			buildConfigurations = (
				695900141731BDC400295E85 /* Debug */,
				695900151731BDC400295E85 /* Release */,
			);
			defaultConfigurationIsVisible = 0;
			defaultConfigurationName = Release;
		};
		6959FFF11731BDC400295E85 /* Build configuration list for PBXProject "Christian Challenge" */ = {
			isa = XCConfigurationList;
			buildConfigurations = (
				695900111731BDC400295E85 /* Debug */,
				695900121731BDC400295E85 /* Release */,
			);
			defaultConfigurationIsVisible = 0;
			defaultConfigurationName = Release;
		};
/* End XCConfigurationList section */
	};
	rootObject = 6959FFEE1731BDC300295E85 /* Project object */;
}
